
Microsoft Visual Studio Solution File, Format Version 12.00
# Visual Studio 2013
VisualStudioVersion = 12.0.21005.1
MinimumVisualStudioVersion = 10.0.40219.1
Project("{8BC9CEB8-8B4A-11D0-8D11-00A0C91BC942}") = "Novus-Engine", "Novus-Engine\Novus.vcxproj", "{15A1CE3C-5E20-4762-9572-00A00BDC7F70}"
EndProject
Project("{8BC9CEB8-8B4A-11D0-8D11-00A0C91BC942}") = "Novus-TestApp", "Novus-TestApp\Novus-App.vcxproj", "{9C792079-C6B0-4DDF-91EE-1D477FB29905}"
	ProjectSection(ProjectDependencies) = postProject
		{15A1CE3C-5E20-4762-9572-00A00BDC7F70} = {15A1CE3C-5E20-4762-9572-00A00BDC7F70}
		{74BD1DA8-6915-4CAD-85A0-BB200A832150} = {74BD1DA8-6915-4CAD-85A0-BB200A832150}
	EndProjectSection
EndProject
Project("{8BC9CEB8-8B4A-11D0-8D11-00A0C91BC942}") = "Shaders", "Shaders\Shaders.vcxproj", "{74BD1DA8-6915-4CAD-85A0-BB200A832150}"
EndProject
Project("{8BC9CEB8-8B4A-11D0-8D11-00A0C91BC942}") = "Novus-MaterialTest", "Novus-MaterialTest\Novus-MaterialTest.vcxproj", "{70EB89FB-490A-4B6F-A46F-B6AA66CDB389}"
	ProjectSection(ProjectDependencies) = postProject
		{15A1CE3C-5E20-4762-9572-00A00BDC7F70} = {15A1CE3C-5E20-4762-9572-00A00BDC7F70}
		{74BD1DA8-6915-4CAD-85A0-BB200A832150} = {74BD1DA8-6915-4CAD-85A0-BB200A832150}
	EndProjectSection
EndProject
Project("{8BC9CEB8-8B4A-11D0-8D11-00A0C91BC942}") = "Novus-MassAggregateTest", "Novus-MassAggregateTest\Novus-MassAggregateTest.vcxproj", "{61CAA301-ECA1-4C10-9B01-0E3641966A53}"
	ProjectSection(ProjectDependencies) = postProject
		{15A1CE3C-5E20-4762-9572-00A00BDC7F70} = {15A1CE3C-5E20-4762-9572-00A00BDC7F70}
		{74BD1DA8-6915-4CAD-85A0-BB200A832150} = {74BD1DA8-6915-4CAD-85A0-BB200A832150}
	EndProjectSection
EndProject
Project("{8BC9CEB8-8B4A-11D0-8D11-00A0C91BC942}") = "Novus-VXGITest", "Novus-VXGITest\Novus-VXGITest.vcxproj", "{A78B3A0E-8C3D-41A5-AA7F-263F744D6188}"
	ProjectSection(ProjectDependencies) = postProject
		{15A1CE3C-5E20-4762-9572-00A00BDC7F70} = {15A1CE3C-5E20-4762-9572-00A00BDC7F70}
		{74BD1DA8-6915-4CAD-85A0-BB200A832150} = {74BD1DA8-6915-4CAD-85A0-BB200A832150}
	EndProjectSection
EndProject
Global
	GlobalSection(SolutionConfigurationPlatforms) = preSolution
		Debug|Mixed Platforms = Debug|Mixed Platforms
		Debug|Win32 = Debug|Win32
		Debug|x64 = Debug|x64
		Release|Mixed Platforms = Release|Mixed Platforms
		Release|Win32 = Release|Win32
		Release|x64 = Release|x64
	EndGlobalSection
	GlobalSection(ProjectConfigurationPlatforms) = postSolution
		{15A1CE3C-5E20-4762-9572-00A00BDC7F70}.Debug|Mixed Platforms.ActiveCfg = Debug|Win32
		{15A1CE3C-5E20-4762-9572-00A00BDC7F70}.Debug|Mixed Platforms.Build.0 = Debug|Win32
		{15A1CE3C-5E20-4762-9572-00A00BDC7F70}.Debug|Win32.ActiveCfg = Debug|Win32
		{15A1CE3C-5E20-4762-9572-00A00BDC7F70}.Debug|Win32.Build.0 = Debug|Win32
		{15A1CE3C-5E20-4762-9572-00A00BDC7F70}.Debug|x64.ActiveCfg = Debug|x64
		{15A1CE3C-5E20-4762-9572-00A00BDC7F70}.Debug|x64.Build.0 = Debug|x64
		{15A1CE3C-5E20-4762-9572-00A00BDC7F70}.Release|Mixed Platforms.ActiveCfg = Release|Win32
		{15A1CE3C-5E20-4762-9572-00A00BDC7F70}.Release|Mixed Platforms.Build.0 = Release|Win32
		{15A1CE3C-5E20-4762-9572-00A00BDC7F70}.Release|Win32.ActiveCfg = Release|Win32
		{15A1CE3C-5E20-4762-9572-00A00BDC7F70}.Release|Win32.Build.0 = Release|Win32
		{15A1CE3C-5E20-4762-9572-00A00BDC7F70}.Release|x64.ActiveCfg = Release|x64
		{15A1CE3C-5E20-4762-9572-00A00BDC7F70}.Release|x64.Build.0 = Release|x64
		{9C792079-C6B0-4DDF-91EE-1D477FB29905}.Debug|Mixed Platforms.ActiveCfg = Debug|Win32
		{9C792079-C6B0-4DDF-91EE-1D477FB29905}.Debug|Mixed Platforms.Build.0 = Debug|Win32
		{9C792079-C6B0-4DDF-91EE-1D477FB29905}.Debug|Win32.ActiveCfg = Debug|Win32
		{9C792079-C6B0-4DDF-91EE-1D477FB29905}.Debug|Win32.Build.0 = Debug|Win32
		{9C792079-C6B0-4DDF-91EE-1D477FB29905}.Debug|x64.ActiveCfg = Debug|x64
		{9C792079-C6B0-4DDF-91EE-1D477FB29905}.Debug|x64.Build.0 = Debug|x64
		{9C792079-C6B0-4DDF-91EE-1D477FB29905}.Release|Mixed Platforms.ActiveCfg = Release|Win32
		{9C792079-C6B0-4DDF-91EE-1D477FB29905}.Release|Mixed Platforms.Build.0 = Release|Win32
		{9C792079-C6B0-4DDF-91EE-1D477FB29905}.Release|Win32.ActiveCfg = Release|Win32
		{9C792079-C6B0-4DDF-91EE-1D477FB29905}.Release|Win32.Build.0 = Release|Win32
		{9C792079-C6B0-4DDF-91EE-1D477FB29905}.Release|x64.ActiveCfg = Release|x64
		{9C792079-C6B0-4DDF-91EE-1D477FB29905}.Release|x64.Build.0 = Release|x64
		{74BD1DA8-6915-4CAD-85A0-BB200A832150}.Debug|Mixed Platforms.ActiveCfg = Debug|Win32
		{74BD1DA8-6915-4CAD-85A0-BB200A832150}.Debug|Mixed Platforms.Build.0 = Debug|Win32
		{74BD1DA8-6915-4CAD-85A0-BB200A832150}.Debug|Win32.ActiveCfg = Debug|Win32
		{74BD1DA8-6915-4CAD-85A0-BB200A832150}.Debug|Win32.Build.0 = Debug|Win32
		{74BD1DA8-6915-4CAD-85A0-BB200A832150}.Debug|x64.ActiveCfg = Debug|x64
		{74BD1DA8-6915-4CAD-85A0-BB200A832150}.Debug|x64.Build.0 = Debug|x64
		{74BD1DA8-6915-4CAD-85A0-BB200A832150}.Release|Mixed Platforms.ActiveCfg = Release|Win32
		{74BD1DA8-6915-4CAD-85A0-BB200A832150}.Release|Mixed Platforms.Build.0 = Release|Win32
		{74BD1DA8-6915-4CAD-85A0-BB200A832150}.Release|Win32.ActiveCfg = Release|Win32
		{74BD1DA8-6915-4CAD-85A0-BB200A832150}.Release|Win32.Build.0 = Release|Win32
		{74BD1DA8-6915-4CAD-85A0-BB200A832150}.Release|x64.ActiveCfg = Release|x64
		{74BD1DA8-6915-4CAD-85A0-BB200A832150}.Release|x64.Build.0 = Release|x64
		{70EB89FB-490A-4B6F-A46F-B6AA66CDB389}.Debug|Mixed Platforms.ActiveCfg = Debug|Win32
		{70EB89FB-490A-4B6F-A46F-B6AA66CDB389}.Debug|Mixed Platforms.Build.0 = Debug|Win32
		{70EB89FB-490A-4B6F-A46F-B6AA66CDB389}.Debug|Win32.ActiveCfg = Debug|Win32
		{70EB89FB-490A-4B6F-A46F-B6AA66CDB389}.Debug|Win32.Build.0 = Debug|Win32
		{70EB89FB-490A-4B6F-A46F-B6AA66CDB389}.Debug|x64.ActiveCfg = Debug|x64
		{70EB89FB-490A-4B6F-A46F-B6AA66CDB389}.Debug|x64.Build.0 = Debug|x64
		{70EB89FB-490A-4B6F-A46F-B6AA66CDB389}.Release|Mixed Platforms.ActiveCfg = Release|Win32
		{70EB89FB-490A-4B6F-A46F-B6AA66CDB389}.Release|Mixed Platforms.Build.0 = Release|Win32
		{70EB89FB-490A-4B6F-A46F-B6AA66CDB389}.Release|Win32.ActiveCfg = Release|Win32
		{70EB89FB-490A-4B6F-A46F-B6AA66CDB389}.Release|Win32.Build.0 = Release|Win32
		{70EB89FB-490A-4B6F-A46F-B6AA66CDB389}.Release|x64.ActiveCfg = Release|x64
		{70EB89FB-490A-4B6F-A46F-B6AA66CDB389}.Release|x64.Build.0 = Release|x64
		{61CAA301-ECA1-4C10-9B01-0E3641966A53}.Debug|Mixed Platforms.ActiveCfg = Debug|Win32
		{61CAA301-ECA1-4C10-9B01-0E3641966A53}.Debug|Mixed Platforms.Build.0 = Debug|Win32
		{61CAA301-ECA1-4C10-9B01-0E3641966A53}.Debug|Win32.ActiveCfg = Debug|Win32
		{61CAA301-ECA1-4C10-9B01-0E3641966A53}.Debug|Win32.Build.0 = Debug|Win32
		{61CAA301-ECA1-4C10-9B01-0E3641966A53}.Debug|x64.ActiveCfg = Debug|x64
		{61CAA301-ECA1-4C10-9B01-0E3641966A53}.Debug|x64.Build.0 = Debug|x64
		{61CAA301-ECA1-4C10-9B01-0E3641966A53}.Release|Mixed Platforms.ActiveCfg = Release|Win32
		{61CAA301-ECA1-4C10-9B01-0E3641966A53}.Release|Mixed Platforms.Build.0 = Release|Win32
		{61CAA301-ECA1-4C10-9B01-0E3641966A53}.Release|Win32.ActiveCfg = Release|Win32
		{61CAA301-ECA1-4C10-9B01-0E3641966A53}.Release|Win32.Build.0 = Release|Win32
		{61CAA301-ECA1-4C10-9B01-0E3641966A53}.Release|x64.ActiveCfg = Release|x64
		{61CAA301-ECA1-4C10-9B01-0E3641966A53}.Release|x64.Build.0 = Release|x64
		{A78B3A0E-8C3D-41A5-AA7F-263F744D6188}.Debug|Mixed Platforms.ActiveCfg = Debug|Win32
		{A78B3A0E-8C3D-41A5-AA7F-263F744D6188}.Debug|Mixed Platforms.Build.0 = Debug|Win32
		{A78B3A0E-8C3D-41A5-AA7F-263F744D6188}.Debug|Win32.ActiveCfg = Debug|Win32
		{A78B3A0E-8C3D-41A5-AA7F-263F744D6188}.Debug|Win32.Build.0 = Debug|Win32
		{A78B3A0E-8C3D-41A5-AA7F-263F744D6188}.Debug|x64.ActiveCfg = Debug|Win32
		{A78B3A0E-8C3D-41A5-AA7F-263F744D6188}.Release|Mixed Platforms.ActiveCfg = Release|Win32
		{A78B3A0E-8C3D-41A5-AA7F-263F744D6188}.Release|Mixed Platforms.Build.0 = Release|Win32
		{A78B3A0E-8C3D-41A5-AA7F-263F744D6188}.Release|Win32.ActiveCfg = Release|Win32
		{A78B3A0E-8C3D-41A5-AA7F-263F744D6188}.Release|Win32.Build.0 = Release|Win32
		{A78B3A0E-8C3D-41A5-AA7F-263F744D6188}.Release|x64.ActiveCfg = Release|x64
		{A78B3A0E-8C3D-41A5-AA7F-263F744D6188}.Release|x64.Build.0 = Release|x64
	EndGlobalSection
	GlobalSection(SolutionProperties) = preSolution
		HideSolutionNode = FALSE
	EndGlobalSection
EndGlobal
