<?xml version="1.0" encoding="utf-8"?>
<Project ToolsVersion="4.0" xmlns="http://schemas.microsoft.com/developer/msbuild/2003">
  <ItemGroup>
    <Filter Include="Source Files">
      <UniqueIdentifier>{4FC737F1-C7A5-4376-A066-2A32D752A2FF}</UniqueIdentifier>
      <Extensions>cpp;c;cc;cxx;def;odl;idl;hpj;bat;asm;asmx</Extensions>
    </Filter>
    <Filter Include="Resource Files">
      <UniqueIdentifier>{67DA6AB6-F800-4c08-8B7A-83BB121AAD01}</UniqueIdentifier>
      <Extensions>rc;ico;cur;bmp;dlg;rc2;rct;bin;rgs;gif;jpg;jpeg;jpe;resx;tiff;tif;png;wav;mfcribbon-ms</Extensions>
    </Filter>
    <Filter Include="Source Files\Core">
      <UniqueIdentifier>{dc24457c-835d-445b-9746-67545d903fdb}</UniqueIdentifier>
    </Filter>
    <Filter Include="Source Files\Application">
      <UniqueIdentifier>{a5fc1522-dc95-49a9-880a-8d1d4998048b}</UniqueIdentifier>
    </Filter>
    <Filter Include="Source Files\Utils">
      <UniqueIdentifier>{db65fcea-d23f-4fd5-884a-dbdca4cf9fa6}</UniqueIdentifier>
    </Filter>
    <Filter Include="Source Files\Graphics">
      <UniqueIdentifier>{5bfb3b6f-bd90-4cd5-9e16-a4f0453e677f}</UniqueIdentifier>
    </Filter>
    <Filter Include="Source Files\Math">
      <UniqueIdentifier>{b76e00aa-e9bf-4380-84da-76c67ba5a9f7}</UniqueIdentifier>
    </Filter>
    <Filter Include="Source Files\3rdParty">
      <UniqueIdentifier>{ebfedc30-3cf4-4b59-8708-7e166a3d25b2}</UniqueIdentifier>
    </Filter>
    <Filter Include="Source Files\Utils\Memory">
      <UniqueIdentifier>{b4ec91d7-2f03-4991-a6e7-f41b07a6a4ba}</UniqueIdentifier>
    </Filter>
    <Filter Include="Source Files\Utils\Logging">
      <UniqueIdentifier>{e9451196-5fb5-4463-90b7-736e303a853b}</UniqueIdentifier>
    </Filter>
    <Filter Include="Source Files\Input">
      <UniqueIdentifier>{8d4bf935-79cb-4578-9a54-9edb3173c55b}</UniqueIdentifier>
    </Filter>
    <Filter Include="Source Files\Graphics\Textures">
      <UniqueIdentifier>{2163b478-a407-4e2e-beea-272e12bf696b}</UniqueIdentifier>
    </Filter>
    <Filter Include="Source Files\Net">
      <UniqueIdentifier>{d6cfd64d-eb3b-4db9-b320-1eb682e60116}</UniqueIdentifier>
    </Filter>
    <Filter Include="Source Files\Events">
      <UniqueIdentifier>{44bbc5ef-2eec-470a-813a-fc12f9847aac}</UniqueIdentifier>
    </Filter>
    <Filter Include="Source Files\Graphics\Shaders">
      <UniqueIdentifier>{68b31067-dc8d-4ccb-8954-fa8769fabf36}</UniqueIdentifier>
    </Filter>
    <Filter Include="Source Files\Math\Vector">
      <UniqueIdentifier>{6e42a956-73fa-4da5-9cd4-6d99402e836c}</UniqueIdentifier>
    </Filter>
    <Filter Include="Source Files\Math\Matrix">
      <UniqueIdentifier>{43d155ae-014e-421a-9b0c-2e1efb81a9a6}</UniqueIdentifier>
    </Filter>
    <Filter Include="Source Files\Resources">
      <UniqueIdentifier>{c9bc938c-cbb0-4a24-9afd-3966b80ea171}</UniqueIdentifier>
    </Filter>
    <Filter Include="Source Files\Resources\Font">
      <UniqueIdentifier>{5c1cd4c2-25e4-4ef7-ba2a-52e8b364ec8b}</UniqueIdentifier>
    </Filter>
    <Filter Include="Source Files\Graphics\PostProcess">
      <UniqueIdentifier>{92933f6f-a8dc-4c2b-bde1-64f0c64577f1}</UniqueIdentifier>
    </Filter>
    <Filter Include="Source Files\Utils\Objects">
      <UniqueIdentifier>{a25c2b82-6a27-4bd4-b9ca-c3394cad22fc}</UniqueIdentifier>
    </Filter>
    <Filter Include="Source Files\Utils\Primitives">
      <UniqueIdentifier>{5c7f86e9-b82a-4548-8dd2-248905b8170a}</UniqueIdentifier>
    </Filter>
    <Filter Include="Source Files\Graphics\Debug">
      <UniqueIdentifier>{2935de53-9f11-4874-945b-d48680c7584f}</UniqueIdentifier>
    </Filter>
    <Filter Include="Source Files\Physics">
      <UniqueIdentifier>{69ebf1c2-0932-4b8e-a4e5-0f0801aa9ed0}</UniqueIdentifier>
    </Filter>
    <Filter Include="Source Files\3rdParty\FastDelegate">
      <UniqueIdentifier>{2c966f07-5833-4121-89c4-38564860763b}</UniqueIdentifier>
    </Filter>
    <Filter Include="Source Files\3rdParty\TinyXML">
      <UniqueIdentifier>{101b259e-4435-4856-ba21-3fd5f620eeda}</UniqueIdentifier>
    </Filter>
    <Filter Include="Source Files\Utils\Containers">
      <UniqueIdentifier>{6409badd-74a1-40d0-8232-77a1f3a3db9c}</UniqueIdentifier>
    </Filter>
    <Filter Include="Source Files\Resources\Mesh">
      <UniqueIdentifier>{bc6d5e4a-115d-4bcb-ac69-06763dc37f49}</UniqueIdentifier>
    </Filter>
    <Filter Include="Source Files\Resources\Mesh\Processing">
      <UniqueIdentifier>{4159d942-1e85-448f-96f6-019f161c2fcd}</UniqueIdentifier>
    </Filter>
    <Filter Include="Source Files\Utils\MetaData">
      <UniqueIdentifier>{7d85574e-d80f-4c0c-9253-e199c36cc596}</UniqueIdentifier>
    </Filter>
    <Filter Include="Source Files\Utils\FileSystem">
      <UniqueIdentifier>{9335991f-ba79-4c1b-a5c1-c61b6b184b35}</UniqueIdentifier>
    </Filter>
    <Filter Include="Source Files\Resources\Texture">
      <UniqueIdentifier>{ae16820d-5714-4726-9a50-c300f886d846}</UniqueIdentifier>
    </Filter>
    <Filter Include="Source Files\Utils\Profiling">
      <UniqueIdentifier>{349ca4f2-9ca8-4021-be28-e06e211e014a}</UniqueIdentifier>
    </Filter>
    <Filter Include="Source Files\Core\Components">
      <UniqueIdentifier>{f00104b2-a488-4c37-8dc9-5e63e0cd8e88}</UniqueIdentifier>
    </Filter>
    <Filter Include="Source Files\Graphics\RenderTargets">
      <UniqueIdentifier>{3bb620f7-d260-4ac6-b965-5560a7eb1516}</UniqueIdentifier>
    </Filter>
    <Filter Include="Source Files\Graphics\VXGI">
      <UniqueIdentifier>{01ff3a18-75cd-4a01-b961-160e4242d92c}</UniqueIdentifier>
    </Filter>
  </ItemGroup>
  <ItemGroup>
    <ClInclude Include="src\Graphics\D3DRenderer.h">
      <Filter>Source Files\Graphics</Filter>
    </ClInclude>
    <ClInclude Include="src\Application\NovusApplication.h">
      <Filter>Source Files\Application</Filter>
    </ClInclude>
    <ClInclude Include="src\Application\Common.h">
      <Filter>Source Files\Application</Filter>
    </ClInclude>
    <ClInclude Include="src\Utils\GameTimer.h">
      <Filter>Source Files\Utils</Filter>
    </ClInclude>
    <ClInclude Include="src\Utils\Memory\MallocTracker.h">
      <Filter>Source Files\Utils\Memory</Filter>
    </ClInclude>
    <ClInclude Include="src\Utils\Memory\Memory.h">
      <Filter>Source Files\Utils\Memory</Filter>
    </ClInclude>
    <ClInclude Include="src\Input\InputSystem.h">
      <Filter>Source Files\Input</Filter>
    </ClInclude>
    <ClInclude Include="src\Utils\dxerr.h">
      <Filter>Source Files\Utils</Filter>
    </ClInclude>
    <ClInclude Include="src\Graphics\GBuffer.h">
      <Filter>Source Files\Graphics</Filter>
    </ClInclude>
    <ClInclude Include="src\Application\EngineStatics.h">
      <Filter>Source Files\Application</Filter>
    </ClInclude>
    <ClInclude Include="src\Graphics\ConstantBuffers.h">
      <Filter>Source Files\Graphics</Filter>
    </ClInclude>
    <ClInclude Include="src\Input\KeyboardState.h">
      <Filter>Source Files\Input</Filter>
    </ClInclude>
    <ClInclude Include="src\Input\MouseState.h">
      <Filter>Source Files\Input</Filter>
    </ClInclude>
    <ClInclude Include="src\Events\EventSystem.h">
      <Filter>Source Files\Events</Filter>
    </ClInclude>
    <ClInclude Include="src\Events\Events.h">
      <Filter>Source Files\Events</Filter>
    </ClInclude>
    <ClInclude Include="src\Graphics\Shaders\IShader.h">
      <Filter>Source Files\Graphics\Shaders</Filter>
    </ClInclude>
    <ClInclude Include="src\Graphics\Shaders\VertexShader.h">
      <Filter>Source Files\Graphics\Shaders</Filter>
    </ClInclude>
    <ClInclude Include="src\Graphics\Geometry.h">
      <Filter>Source Files\Graphics</Filter>
    </ClInclude>
    <ClInclude Include="src\Math\Math.h">
      <Filter>Source Files\Math</Filter>
    </ClInclude>
    <ClInclude Include="src\Graphics\MeshRenderer.h">
      <Filter>Source Files\Graphics</Filter>
    </ClInclude>
    <ClInclude Include="src\Math\Vector_t.h">
      <Filter>Source Files\Math\Vector</Filter>
    </ClInclude>
    <ClInclude Include="src\Math\Vector3_t.h">
      <Filter>Source Files\Math\Vector</Filter>
    </ClInclude>
    <ClInclude Include="src\Math\Vector2_t.h">
      <Filter>Source Files\Math\Vector</Filter>
    </ClInclude>
    <ClInclude Include="src\Math\Vector4_t.h">
      <Filter>Source Files\Math\Vector</Filter>
    </ClInclude>
    <ClInclude Include="src\Math\Matrix_t.h">
      <Filter>Source Files\Math\Matrix</Filter>
    </ClInclude>
    <ClInclude Include="src\Math\Matrix4x4_t.h">
      <Filter>Source Files\Math\Matrix</Filter>
    </ClInclude>
    <ClInclude Include="src\Math\Matrix3x3_t.h">
      <Filter>Source Files\Math\Matrix</Filter>
    </ClInclude>
    <ClInclude Include="src\Resources\Font\Font.h">
      <Filter>Source Files\Resources\Font</Filter>
    </ClInclude>
    <ClInclude Include="src\Utils\RectangleBinPacker.h">
      <Filter>Source Files\Utils</Filter>
    </ClInclude>
    <ClInclude Include="src\Resources\Font\FontManager.h">
      <Filter>Source Files\Resources\Font</Filter>
    </ClInclude>
    <ClInclude Include="src\Graphics\Camera.h">
      <Filter>Source Files\Graphics</Filter>
    </ClInclude>
    <ClInclude Include="src\Core\Actor.h">
      <Filter>Source Files\Core</Filter>
    </ClInclude>
    <ClInclude Include="src\Core\World.h">
      <Filter>Source Files\Core</Filter>
    </ClInclude>
    <ClInclude Include="src\Core\ActorComponent.h">
      <Filter>Source Files\Core</Filter>
    </ClInclude>
    <ClInclude Include="src\Utils\Objects\Type.h">
      <Filter>Source Files\Utils\Objects</Filter>
    </ClInclude>
    <ClInclude Include="src\Math\MatrixStack.h">
      <Filter>Source Files\Math</Filter>
    </ClInclude>
    <ClInclude Include="src\Utils\Logging\ConsoleLogSerializer.h">
      <Filter>Source Files\Utils\Logging</Filter>
    </ClInclude>
    <ClInclude Include="src\Utils\Logging\ILogSerializer.h">
      <Filter>Source Files\Utils\Logging</Filter>
    </ClInclude>
    <ClInclude Include="src\Utils\Logging\Logger.h">
      <Filter>Source Files\Utils\Logging</Filter>
    </ClInclude>
    <ClInclude Include="src\Utils\Primitives\Rectangle.h">
      <Filter>Source Files\Utils\Primitives</Filter>
    </ClInclude>
    <ClInclude Include="src\Utils\StringUtils.h">
      <Filter>Source Files\Utils</Filter>
    </ClInclude>
    <ClInclude Include="src\Math\Quaternion_t.h">
      <Filter>Source Files\Math</Filter>
    </ClInclude>
    <ClInclude Include="src\Math\Transform.h">
      <Filter>Source Files\Math</Filter>
    </ClInclude>
    <ClInclude Include="src\Graphics\Debug\GBufferRenderer.h">
      <Filter>Source Files\Graphics\Debug</Filter>
    </ClInclude>
    <ClInclude Include="src\Graphics\StructuredBuffer.h">
      <Filter>Source Files\Graphics</Filter>
    </ClInclude>
    <ClInclude Include="src\Graphics\Lights.h">
      <Filter>Source Files\Graphics</Filter>
    </ClInclude>
    <ClInclude Include="src\Graphics\Textures\Texture2D.h">
      <Filter>Source Files\Graphics\Textures</Filter>
    </ClInclude>
    <ClInclude Include="src\Graphics\Shaders\D3DLocalInclude.h">
      <Filter>Source Files\Graphics\Shaders</Filter>
    </ClInclude>
    <ClInclude Include="src\Graphics\PostProcess\DeferredRenderer.h">
      <Filter>Source Files\Graphics\PostProcess</Filter>
    </ClInclude>
    <ClInclude Include="src\Physics\Particle.h">
      <Filter>Source Files\Physics</Filter>
    </ClInclude>
    <ClInclude Include="src\Physics\ParticleForceGenerator.h">
      <Filter>Source Files\Physics</Filter>
    </ClInclude>
    <ClInclude Include="src\Physics\PhysicsSystem.h">
      <Filter>Source Files\Physics</Filter>
    </ClInclude>
    <ClInclude Include="src\3rdParty\FastDelegate.h">
      <Filter>Source Files\3rdParty\FastDelegate</Filter>
    </ClInclude>
    <ClInclude Include="..\3rdParty\include\TinyXML\tinyxml2.h">
      <Filter>Source Files\3rdParty\TinyXML</Filter>
    </ClInclude>
    <ClInclude Include="src\Graphics\LineRenderer.h">
      <Filter>Source Files\Graphics</Filter>
    </ClInclude>
    <ClInclude Include="src\Utils\Primitives\Plane.h">
      <Filter>Source Files\Utils\Primitives</Filter>
    </ClInclude>
    <ClInclude Include="src\Utils\Primitives\Ray.h">
      <Filter>Source Files\Utils\Primitives</Filter>
    </ClInclude>
    <ClInclude Include="src\Utils\Primitives\Sphere.h">
      <Filter>Source Files\Utils\Primitives</Filter>
    </ClInclude>
    <ClInclude Include="src\Utils\Primitives\Box.h">
      <Filter>Source Files\Utils\Primitives</Filter>
    </ClInclude>
    <ClInclude Include="src\Utils\Primitives\LineSegment.h">
      <Filter>Source Files\Utils\Primitives</Filter>
    </ClInclude>
    <ClInclude Include="src\Utils\Containers\PointList.h">
      <Filter>Source Files\Utils\Containers</Filter>
    </ClInclude>
    <ClInclude Include="src\3rdParty\FastDelegateBind.h">
      <Filter>Source Files\3rdParty\TinyXML</Filter>
    </ClInclude>
    <ClInclude Include="src\Graphics\Shaders\Shader.h">
      <Filter>Source Files\Graphics\Shaders</Filter>
    </ClInclude>
    <ClInclude Include="src\Graphics\SkyboxRenderer.h">
      <Filter>Source Files\Graphics</Filter>
    </ClInclude>
    <ClInclude Include="src\Graphics\PostProcess\PrefilteredEnvironmentMap.h">
      <Filter>Source Files\Graphics\PostProcess</Filter>
    </ClInclude>
    <ClInclude Include="src\Graphics\TextRenderer.h">
      <Filter>Source Files\Graphics</Filter>
    </ClInclude>
    <ClInclude Include="src\Graphics\StaticMesh.h">
      <Filter>Source Files\Graphics</Filter>
    </ClInclude>
    <ClInclude Include="src\Graphics\IRenderable.h">
      <Filter>Source Files\Graphics</Filter>
    </ClInclude>
    <ClInclude Include="src\Resources\ResourceCache.h">
      <Filter>Source Files\Resources</Filter>
    </ClInclude>
    <ClInclude Include="src\Resources\Mesh\OBJLoader.h">
      <Filter>Source Files\Resources\Mesh</Filter>
    </ClInclude>
    <ClInclude Include="src\Resources\Mesh\AssetTypes.h">
      <Filter>Source Files\Resources\Mesh</Filter>
    </ClInclude>
    <ClInclude Include="src\Resources\Mesh\Processing\MeshCalculateNormalsPass.h">
      <Filter>Source Files\Resources\Mesh\Processing</Filter>
    </ClInclude>
    <ClInclude Include="src\Resources\Mesh\Processing\MeshTriangulatePass.h">
      <Filter>Source Files\Resources\Mesh\Processing</Filter>
    </ClInclude>
    <ClInclude Include="src\Resources\Mesh\Processing\IMeshProcess.h">
      <Filter>Source Files\Resources\Mesh\Processing</Filter>
    </ClInclude>
    <ClInclude Include="src\Resources\Mesh\Processing\MeshCalculateAABBPass.h">
      <Filter>Source Files\Resources\Mesh\Processing</Filter>
    </ClInclude>
    <ClInclude Include="src\Resources\ResourceManager.h">
      <Filter>Source Files\Resources</Filter>
    </ClInclude>
    <ClInclude Include="src\Resources\Mesh\MeshLoader.h">
      <Filter>Source Files\Resources\Mesh</Filter>
    </ClInclude>
    <ClInclude Include="src\Core\Object.h">
      <Filter>Source Files\Core</Filter>
    </ClInclude>
    <ClInclude Include="src\Utils\MetaData\MetaData.h">
      <Filter>Source Files\Utils\MetaData</Filter>
    </ClInclude>
    <ClInclude Include="src\Utils\FileSystem\FileSystem.h">
      <Filter>Source Files\Utils\FileSystem</Filter>
    </ClInclude>
    <ClInclude Include="src\Utils\FileSystem\File.h">
      <Filter>Source Files\Utils\FileSystem</Filter>
    </ClInclude>
    <ClInclude Include="src\Resources\MeshResourceManager.h">
      <Filter>Source Files\Resources</Filter>
    </ClInclude>
    <ClInclude Include="src\Resources\Texture\DDSTextureLoader.h">
      <Filter>Source Files\Resources\Texture</Filter>
    </ClInclude>
    <ClInclude Include="src\Resources\TextureResourceManager.h">
      <Filter>Source Files\Resources</Filter>
    </ClInclude>
    <ClInclude Include="src\Resources\Resource.h">
      <Filter>Source Files\Resources</Filter>
    </ClInclude>
    <ClInclude Include="src\Utils\Primitives\AABB.h">
      <Filter>Source Files\Utils\Primitives</Filter>
    </ClInclude>
    <ClInclude Include="src\Resources\Mesh\Processing\MeshCalculateTangentsPass.h">
      <Filter>Source Files\Resources\Mesh\Processing</Filter>
    </ClInclude>
    <ClInclude Include="src\Graphics\Textures\Texture3D.h">
      <Filter>Source Files\Graphics\Textures</Filter>
    </ClInclude>
    <ClInclude Include="src\Utils\Profiling\D3DProfiler.h">
      <Filter>Source Files\Utils\Profiling</Filter>
    </ClInclude>
    <ClInclude Include="src\Core\Components\StaticMeshComponent.h">
      <Filter>Source Files\Core\Components</Filter>
    </ClInclude>
    <ClInclude Include="src\Core\Components\CameraComponent.h">
      <Filter>Source Files\Core\Components</Filter>
    </ClInclude>
    <ClInclude Include="src\Graphics\Material.h">
      <Filter>Source Files\Graphics</Filter>
    </ClInclude>
    <ClInclude Include="src\Graphics\RenderTargets\IRenderTarget.h">
      <Filter>Source Files\Graphics\RenderTargets</Filter>
    </ClInclude>
    <ClInclude Include="src\Graphics\RenderTargets\ShadowMapRenderTarget.h">
      <Filter>Source Files\Graphics\RenderTargets</Filter>
    </ClInclude>
    <ClInclude Include="src\Graphics\RenderTargets\VoxelVolumeRenderTarget.h">
      <Filter>Source Files\Graphics\RenderTargets</Filter>
    </ClInclude>
    <ClInclude Include="src\Graphics\LightManager.h">
      <Filter>Source Files\Graphics</Filter>
    </ClInclude>
    <ClInclude Include="src\Physics\ParticleContacts.h">
      <Filter>Source Files\Physics</Filter>
    </ClInclude>
    <ClInclude Include="src\Physics\ParticleContactGenerators.h">
      <Filter>Source Files\Physics</Filter>
    </ClInclude>
    <ClInclude Include="src\Core\Components\DynamicMeshComponent.h">
      <Filter>Source Files\Core\Components</Filter>
    </ClInclude>
    <ClInclude Include="src\Graphics\ConstraintRenderer.h">
      <Filter>Source Files\Graphics</Filter>
    </ClInclude>
    <ClInclude Include="src\Core\Components\PhysicsParticleComponent.h">
      <Filter>Source Files\Core\Components</Filter>
    </ClInclude>
    <ClInclude Include="src\Graphics\RenderTargets\GBufferRenderTarget.h">
      <Filter>Source Files\Graphics\RenderTargets</Filter>
    </ClInclude>
    <ClInclude Include="src\Graphics\PostProcess\IPostProcessStage.h">
      <Filter>Source Files\Graphics\PostProcess</Filter>
    </ClInclude>
    <ClInclude Include="src\Graphics\PostProcess\GlobalIlluminationPass.h">
      <Filter>Source Files\Graphics\PostProcess</Filter>
    </ClInclude>
    <ClInclude Include="src\Graphics\VXGI\VoxelRadianceVolume.h">
      <Filter>Source Files\Graphics\VXGI</Filter>
    </ClInclude>
  </ItemGroup>
  <ItemGroup>
    <ClCompile Include="src\Application\NovusApplication.cpp">
      <Filter>Source Files\Application</Filter>
    </ClCompile>
    <ClCompile Include="src\Utils\GameTimer.cpp">
      <Filter>Source Files\Utils</Filter>
    </ClCompile>
    <ClCompile Include="src\Graphics\D3DRenderer.cpp">
      <Filter>Source Files\Graphics</Filter>
    </ClCompile>
    <ClCompile Include="src\Utils\Memory\Memory.cpp">
      <Filter>Source Files\Utils\Memory</Filter>
    </ClCompile>
    <ClCompile Include="src\Utils\Memory\MallocTracker.cpp">
      <Filter>Source Files\Utils\Memory</Filter>
    </ClCompile>
    <ClCompile Include="src\Utils\dxerr.cpp">
      <Filter>Source Files\Utils</Filter>
    </ClCompile>
    <ClCompile Include="src\Graphics\GBuffer.cpp">
      <Filter>Source Files\Graphics</Filter>
    </ClCompile>
    <ClCompile Include="src\Application\EngineStatics.cpp">
      <Filter>Source Files\Application</Filter>
    </ClCompile>
    <ClCompile Include="src\Input\KeyboardState.cpp">
      <Filter>Source Files\Input</Filter>
    </ClCompile>
    <ClCompile Include="src\Input\MouseState.cpp">
      <Filter>Source Files\Input</Filter>
    </ClCompile>
    <ClCompile Include="src\Input\InputSystem.cpp">
      <Filter>Source Files\Input</Filter>
    </ClCompile>
    <ClCompile Include="src\Events\Events.cpp">
      <Filter>Source Files\Events</Filter>
    </ClCompile>
    <ClCompile Include="src\Events\EventSystem.cpp">
      <Filter>Source Files\Events</Filter>
    </ClCompile>
    <ClCompile Include="src\Math\Math.cpp">
      <Filter>Source Files\Math</Filter>
    </ClCompile>
    <ClCompile Include="src\Graphics\Geometry.cpp">
      <Filter>Source Files\Graphics</Filter>
    </ClCompile>
    <ClCompile Include="src\Utils\RectangleBinPacker.cpp">
      <Filter>Source Files\Utils</Filter>
    </ClCompile>
    <ClCompile Include="src\Resources\Font\Font.cpp">
      <Filter>Source Files\Resources\Font</Filter>
    </ClCompile>
    <ClCompile Include="src\Resources\Font\FontManager.cpp">
      <Filter>Source Files\Resources\Font</Filter>
    </ClCompile>
    <ClCompile Include="src\Graphics\Camera.cpp">
      <Filter>Source Files\Graphics</Filter>
    </ClCompile>
    <ClCompile Include="src\Math\MatrixStack.cpp">
      <Filter>Source Files\Math</Filter>
    </ClCompile>
    <ClCompile Include="src\Utils\Logging\Logger.cpp">
      <Filter>Source Files\Utils\Logging</Filter>
    </ClCompile>
    <ClCompile Include="src\Utils\Logging\ConsoleLogSerializer.cpp">
      <Filter>Source Files\Utils\Logging</Filter>
    </ClCompile>
    <ClCompile Include="src\Utils\StringUtils.cpp">
      <Filter>Source Files\Utils</Filter>
    </ClCompile>
    <ClCompile Include="src\Math\Transform.cpp">
      <Filter>Source Files\Math</Filter>
    </ClCompile>
    <ClCompile Include="src\Graphics\Textures\Texture2D.cpp">
      <Filter>Source Files\Graphics\Textures</Filter>
    </ClCompile>
    <ClCompile Include="src\Graphics\Shaders\D3DLocalInclude.cpp">
      <Filter>Source Files\Graphics\Shaders</Filter>
    </ClCompile>
    <ClCompile Include="src\Graphics\PostProcess\DeferredRenderer.cpp">
      <Filter>Source Files\Graphics\PostProcess</Filter>
    </ClCompile>
    <ClCompile Include="src\Physics\Particle.cpp">
      <Filter>Source Files\Physics</Filter>
    </ClCompile>
    <ClCompile Include="src\Physics\ParticleForceGenerator.cpp">
      <Filter>Source Files\Physics</Filter>
    </ClCompile>
    <ClCompile Include="src\Physics\PhysicsSystem.cpp">
      <Filter>Source Files\Physics</Filter>
    </ClCompile>
    <ClCompile Include="..\3rdParty\include\TinyXML\tinyxml2.cpp">
      <Filter>Source Files\3rdParty\TinyXML</Filter>
    </ClCompile>
    <ClCompile Include="src\Utils\Primitives\LineSegment.cpp">
      <Filter>Source Files\Utils\Primitives</Filter>
    </ClCompile>
    <ClCompile Include="src\Utils\Containers\PointList.cpp">
      <Filter>Source Files\Utils\Containers</Filter>
    </ClCompile>
    <ClCompile Include="src\Graphics\LineRenderer.cpp">
      <Filter>Source Files\Graphics</Filter>
    </ClCompile>
    <ClCompile Include="src\Graphics\Shaders\Shader.cpp">
      <Filter>Source Files\Graphics\Shaders</Filter>
    </ClCompile>
    <ClCompile Include="src\Graphics\SkyboxRenderer.cpp">
      <Filter>Source Files\Graphics</Filter>
    </ClCompile>
    <ClCompile Include="src\Graphics\PostProcess\PrefilteredEnvironmentMap.cpp">
      <Filter>Source Files\Graphics\PostProcess</Filter>
    </ClCompile>
    <ClCompile Include="src\Graphics\TextRenderer.cpp">
      <Filter>Source Files\Graphics</Filter>
    </ClCompile>
    <ClCompile Include="src\Graphics\StaticMesh.cpp">
      <Filter>Source Files\Graphics</Filter>
    </ClCompile>
    <ClCompile Include="src\Utils\Objects\Type.cpp">
      <Filter>Source Files\Utils\Objects</Filter>
    </ClCompile>
    <ClCompile Include="src\Resources\Mesh\OBJLoader.cpp">
      <Filter>Source Files\Resources\Mesh</Filter>
    </ClCompile>
    <ClCompile Include="src\Resources\Mesh\Processing\MeshTriangulatePass.cpp">
      <Filter>Source Files\Resources\Mesh\Processing</Filter>
    </ClCompile>
    <ClCompile Include="src\Resources\Mesh\Processing\MeshCalculateNormalsPass.cpp">
      <Filter>Source Files\Resources\Mesh\Processing</Filter>
    </ClCompile>
    <ClCompile Include="src\Resources\Mesh\Processing\MeshCalculateAABBPass.cpp">
      <Filter>Source Files\Resources\Mesh\Processing</Filter>
    </ClCompile>
    <ClCompile Include="src\Resources\Mesh\MeshLoader.cpp">
      <Filter>Source Files\Resources\Mesh</Filter>
    </ClCompile>
    <ClCompile Include="src\Utils\FileSystem\FileSystem.cpp">
      <Filter>Source Files\Utils\FileSystem</Filter>
    </ClCompile>
    <ClCompile Include="src\Utils\FileSystem\File.cpp">
      <Filter>Source Files\Utils\FileSystem</Filter>
    </ClCompile>
    <ClCompile Include="src\Core\ActorComponent.cpp">
      <Filter>Source Files\Core</Filter>
    </ClCompile>
    <ClCompile Include="src\Core\Actor.cpp">
      <Filter>Source Files\Core</Filter>
    </ClCompile>
    <ClCompile Include="src\Resources\MeshResourceManager.cpp">
      <Filter>Source Files\Resources</Filter>
    </ClCompile>
    <ClCompile Include="src\Resources\Texture\DDSTextureLoader.cpp">
      <Filter>Source Files\Resources\Texture</Filter>
    </ClCompile>
    <ClCompile Include="src\Resources\TextureResourceManager.cpp">
      <Filter>Source Files\Resources</Filter>
    </ClCompile>
    <ClCompile Include="src\Resources\Mesh\Processing\MeshCalculateTangentsPass.cpp">
      <Filter>Source Files\Resources\Mesh\Processing</Filter>
    </ClCompile>
    <ClCompile Include="src\Core\Object.cpp">
      <Filter>Source Files\Core</Filter>
    </ClCompile>
    <ClCompile Include="src\Resources\ResourceCache.cpp">
      <Filter>Source Files\Resources</Filter>
    </ClCompile>
    <ClCompile Include="src\Graphics\Textures\Texture3D.cpp">
      <Filter>Source Files\Graphics\Textures</Filter>
    </ClCompile>
    <ClCompile Include="src\Core\World.cpp">
      <Filter>Source Files\Core</Filter>
    </ClCompile>
    <ClCompile Include="src\Core\Components\StaticMeshComponent.cpp">
      <Filter>Source Files\Core\Components</Filter>
    </ClCompile>
    <ClCompile Include="src\Graphics\RenderTargets\ShadowMapRenderTarget.cpp">
      <Filter>Source Files\Graphics\RenderTargets</Filter>
    </ClCompile>
    <ClCompile Include="src\Graphics\RenderTargets\VoxelVolumeRenderTarget.cpp">
      <Filter>Source Files\Graphics\RenderTargets</Filter>
    </ClCompile>
    <ClCompile Include="src\Graphics\LightManager.cpp">
      <Filter>Source Files\Graphics</Filter>
    </ClCompile>
    <ClCompile Include="src\Physics\ParticleContacts.cpp">
      <Filter>Source Files\Physics</Filter>
    </ClCompile>
    <ClCompile Include="src\Physics\ParticleContactGenerators.cpp">
      <Filter>Source Files\Physics</Filter>
    </ClCompile>
    <ClCompile Include="src\Graphics\ConstraintRenderer.cpp">
      <Filter>Source Files\Graphics</Filter>
    </ClCompile>
    <ClCompile Include="src\Graphics\RenderTargets\GBufferRenderTarget.cpp">
      <Filter>Source Files\Graphics\RenderTargets</Filter>
    </ClCompile>
    <ClCompile Include="src\Graphics\PostProcess\GlobalIlluminationPass.cpp">
      <Filter>Source Files\Graphics\PostProcess</Filter>
    </ClCompile>
    <ClCompile Include="src\Graphics\VXGI\VoxelRadianceVolume.cpp">
      <Filter>Source Files\Graphics\VXGI</Filter>
    </ClCompile>
  </ItemGroup>
  <ItemGroup>
    <None Include="src\Math\Vector3_t.inl">
      <Filter>Source Files\Math\Vector</Filter>
    </None>
    <None Include="src\Math\Vector2_t.inl">
      <Filter>Source Files\Math\Vector</Filter>
    </None>
    <None Include="src\Math\Vector4_t.inl">
      <Filter>Source Files\Math\Vector</Filter>
    </None>
    <None Include="src\Math\Matrix3x3_t.inl">
      <Filter>Source Files\Math\Matrix</Filter>
    </None>
    <None Include="src\Math\Matrix4x4_t.inl">
      <Filter>Source Files\Math\Matrix</Filter>
    </None>
    <None Include="src\Math\Quaternion_t.inl">
      <Filter>Source Files\Math</Filter>
    </None>
  </ItemGroup>
</Project>