<?xml version="1.0" encoding="utf-8"?>
<Project ToolsVersion="4.0" xmlns="http://schemas.microsoft.com/developer/msbuild/2003">
  <ItemGroup>
    <Filter Include="Source Files">
      <UniqueIdentifier>{4FC737F1-C7A5-4376-A066-2A32D752A2FF}</UniqueIdentifier>
      <Extensions>cpp;c;cc;cxx;def;odl;idl;hpj;bat;asm;asmx</Extensions>
    </Filter>
    <Filter Include="Resource Files">
      <UniqueIdentifier>{67DA6AB6-F800-4c08-8B7A-83BB121AAD01}</UniqueIdentifier>
      <Extensions>rc;ico;cur;bmp;dlg;rc2;rct;bin;rgs;gif;jpg;jpeg;jpe;resx;tiff;tif;png;wav;mfcribbon-ms</Extensions>
    </Filter>
    <Filter Include="Source Files\Core">
      <UniqueIdentifier>{dc24457c-835d-445b-9746-67545d903fdb}</UniqueIdentifier>
    </Filter>
    <Filter Include="Source Files\Application">
      <UniqueIdentifier>{a5fc1522-dc95-49a9-880a-8d1d4998048b}</UniqueIdentifier>
    </Filter>
    <Filter Include="Source Files\Utils">
      <UniqueIdentifier>{db65fcea-d23f-4fd5-884a-dbdca4cf9fa6}</UniqueIdentifier>
    </Filter>
    <Filter Include="Source Files\Graphics">
      <UniqueIdentifier>{5bfb3b6f-bd90-4cd5-9e16-a4f0453e677f}</UniqueIdentifier>
    </Filter>
    <Filter Include="Source Files\Math">
      <UniqueIdentifier>{b76e00aa-e9bf-4380-84da-76c67ba5a9f7}</UniqueIdentifier>
    </Filter>
    <Filter Include="Source Files\3rdParty">
      <UniqueIdentifier>{ebfedc30-3cf4-4b59-8708-7e166a3d25b2}</UniqueIdentifier>
    </Filter>
    <Filter Include="Source Files\Utils\Memory">
      <UniqueIdentifier>{b4ec91d7-2f03-4991-a6e7-f41b07a6a4ba}</UniqueIdentifier>
    </Filter>
    <Filter Include="Source Files\Utils\Logging">
      <UniqueIdentifier>{e9451196-5fb5-4463-90b7-736e303a853b}</UniqueIdentifier>
    </Filter>
    <Filter Include="Source Files\Input">
      <UniqueIdentifier>{8d4bf935-79cb-4578-9a54-9edb3173c55b}</UniqueIdentifier>
    </Filter>
    <Filter Include="Source Files\Graphics\Textures">
      <UniqueIdentifier>{2163b478-a407-4e2e-beea-272e12bf696b}</UniqueIdentifier>
    </Filter>
    <Filter Include="Source Files\Net">
      <UniqueIdentifier>{d6cfd64d-eb3b-4db9-b320-1eb682e60116}</UniqueIdentifier>
    </Filter>
    <Filter Include="Source Files\Events">
      <UniqueIdentifier>{44bbc5ef-2eec-470a-813a-fc12f9847aac}</UniqueIdentifier>
    </Filter>
    <Filter Include="Source Files\Graphics\Shaders">
      <UniqueIdentifier>{68b31067-dc8d-4ccb-8954-fa8769fabf36}</UniqueIdentifier>
    </Filter>
    <Filter Include="Source Files\Math\Vector">
      <UniqueIdentifier>{6e42a956-73fa-4da5-9cd4-6d99402e836c}</UniqueIdentifier>
    </Filter>
    <Filter Include="Source Files\Math\Matrix">
      <UniqueIdentifier>{43d155ae-014e-421a-9b0c-2e1efb81a9a6}</UniqueIdentifier>
    </Filter>
    <Filter Include="Source Files\Resources">
      <UniqueIdentifier>{c9bc938c-cbb0-4a24-9afd-3966b80ea171}</UniqueIdentifier>
    </Filter>
    <Filter Include="Source Files\Utils\Containers">
      <UniqueIdentifier>{5c7f86e9-b82a-4548-8dd2-248905b8170a}</UniqueIdentifier>
    </Filter>
    <Filter Include="Source Files\Resources\Font">
      <UniqueIdentifier>{5c1cd4c2-25e4-4ef7-ba2a-52e8b364ec8b}</UniqueIdentifier>
    </Filter>
  </ItemGroup>
  <ItemGroup>
    <ClInclude Include="src\Graphics\D3DRenderer.h">
      <Filter>Source Files\Graphics</Filter>
    </ClInclude>
    <ClInclude Include="src\Application\NovusApplication.h">
      <Filter>Source Files\Application</Filter>
    </ClInclude>
    <ClInclude Include="src\Application\Common.h">
      <Filter>Source Files\Application</Filter>
    </ClInclude>
    <ClInclude Include="src\Utils\GameTimer.h">
      <Filter>Source Files\Utils</Filter>
    </ClInclude>
    <ClInclude Include="src\Utils\Memory\MallocTracker.h">
      <Filter>Source Files\Utils\Memory</Filter>
    </ClInclude>
    <ClInclude Include="src\Utils\Memory\Memory.h">
      <Filter>Source Files\Utils\Memory</Filter>
    </ClInclude>
    <ClInclude Include="src\Input\InputSystem.h">
      <Filter>Source Files\Input</Filter>
    </ClInclude>
    <ClInclude Include="src\Utils\dxerr.h">
      <Filter>Source Files\Utils</Filter>
    </ClInclude>
    <ClInclude Include="src\Graphics\GBuffer.h">
      <Filter>Source Files\Graphics</Filter>
    </ClInclude>
    <ClInclude Include="src\Application\EngineStatics.h">
      <Filter>Source Files\Application</Filter>
    </ClInclude>
    <ClInclude Include="src\Graphics\Shader.h">
      <Filter>Source Files\Graphics</Filter>
    </ClInclude>
    <ClInclude Include="src\Graphics\ConstantBuffers.h">
      <Filter>Source Files\Graphics</Filter>
    </ClInclude>
    <ClInclude Include="src\Graphics\Textures\Texture.h">
      <Filter>Source Files\Graphics\Textures</Filter>
    </ClInclude>
    <ClInclude Include="src\Utils\Logger\Logger.h">
      <Filter>Source Files\Utils\Logging</Filter>
    </ClInclude>
    <ClInclude Include="src\Input\KeyboardState.h">
      <Filter>Source Files\Input</Filter>
    </ClInclude>
    <ClInclude Include="src\Input\MouseState.h">
      <Filter>Source Files\Input</Filter>
    </ClInclude>
    <ClInclude Include="src\Events\EventSystem.h">
      <Filter>Source Files\Events</Filter>
    </ClInclude>
    <ClInclude Include="src\3rdParty\FastDelegate.h">
      <Filter>Source Files\3rdParty</Filter>
    </ClInclude>
    <ClInclude Include="src\3rdParty\FastDelegateBind.h">
      <Filter>Source Files\3rdParty</Filter>
    </ClInclude>
    <ClInclude Include="src\Events\Events.h">
      <Filter>Source Files\Events</Filter>
    </ClInclude>
    <ClInclude Include="src\Graphics\Shaders\IShader.h">
      <Filter>Source Files\Graphics\Shaders</Filter>
    </ClInclude>
    <ClInclude Include="src\Graphics\Shaders\VertexShader.h">
      <Filter>Source Files\Graphics\Shaders</Filter>
    </ClInclude>
    <ClInclude Include="src\Graphics\Geometry.h">
      <Filter>Source Files\Graphics</Filter>
    </ClInclude>
    <ClInclude Include="src\Math\Math.h">
      <Filter>Source Files\Math</Filter>
    </ClInclude>
    <ClInclude Include="src\Graphics\MeshRenderer.h">
      <Filter>Source Files\Graphics</Filter>
    </ClInclude>
    <ClInclude Include="src\Math\Vector_t.h">
      <Filter>Source Files\Math\Vector</Filter>
    </ClInclude>
    <ClInclude Include="src\Math\Vector3_t.h">
      <Filter>Source Files\Math\Vector</Filter>
    </ClInclude>
    <ClInclude Include="src\Math\Vector2_t.h">
      <Filter>Source Files\Math\Vector</Filter>
    </ClInclude>
    <ClInclude Include="src\Math\Vector4_t.h">
      <Filter>Source Files\Math\Vector</Filter>
    </ClInclude>
    <ClInclude Include="src\Math\Matrix_t.h">
      <Filter>Source Files\Math\Matrix</Filter>
    </ClInclude>
    <ClInclude Include="src\Math\Matrix4x4_t.h">
      <Filter>Source Files\Math\Matrix</Filter>
    </ClInclude>
    <ClInclude Include="src\Math\Matrix3x3_t.h">
      <Filter>Source Files\Math\Matrix</Filter>
    </ClInclude>
    <ClInclude Include="src\Resources\IResource.h">
      <Filter>Source Files\Resources</Filter>
    </ClInclude>
    <ClInclude Include="src\Resources\ResourceManager.h">
      <Filter>Source Files\Resources</Filter>
    </ClInclude>
    <ClInclude Include="src\Resources\Font\Font.h">
      <Filter>Source Files\Resources\Font</Filter>
    </ClInclude>
    <ClInclude Include="src\Utils\RectangleBinPacker.h">
      <Filter>Source Files\Utils</Filter>
    </ClInclude>
    <ClInclude Include="src\Utils\Containers\Rectangle.h">
      <Filter>Source Files\Utils\Containers</Filter>
    </ClInclude>
    <ClInclude Include="src\Resources\Font\FontManager.h">
      <Filter>Source Files\Resources\Font</Filter>
    </ClInclude>
    <ClInclude Include="src\Utils\Logger\ILogSerializer.h">
      <Filter>Source Files\Utils\Logging</Filter>
    </ClInclude>
    <ClInclude Include="src\Utils\Logger\ConsoleLogSerializer.h">
      <Filter>Source Files\Utils\Logging</Filter>
    </ClInclude>
    <ClInclude Include="src\Graphics\Camera.h">
      <Filter>Source Files\Graphics</Filter>
    </ClInclude>
  </ItemGroup>
  <ItemGroup>
    <ClCompile Include="src\Application\NovusApplication.cpp">
      <Filter>Source Files\Application</Filter>
    </ClCompile>
    <ClCompile Include="src\Utils\GameTimer.cpp">
      <Filter>Source Files\Utils</Filter>
    </ClCompile>
    <ClCompile Include="src\Graphics\D3DRenderer.cpp">
      <Filter>Source Files\Graphics</Filter>
    </ClCompile>
    <ClCompile Include="src\Utils\Memory\Memory.cpp">
      <Filter>Source Files\Utils\Memory</Filter>
    </ClCompile>
    <ClCompile Include="src\Utils\Memory\MallocTracker.cpp">
      <Filter>Source Files\Utils\Memory</Filter>
    </ClCompile>
    <ClCompile Include="src\Utils\dxerr.cpp">
      <Filter>Source Files\Utils</Filter>
    </ClCompile>
    <ClCompile Include="src\Graphics\GBuffer.cpp">
      <Filter>Source Files\Graphics</Filter>
    </ClCompile>
    <ClCompile Include="src\Application\EngineStatics.cpp">
      <Filter>Source Files\Application</Filter>
    </ClCompile>
    <ClCompile Include="src\Graphics\Textures\Texture.cpp">
      <Filter>Source Files\Graphics\Textures</Filter>
    </ClCompile>
    <ClCompile Include="src\Graphics\Shader.cpp">
      <Filter>Source Files\Graphics</Filter>
    </ClCompile>
    <ClCompile Include="src\Utils\Logger\Logger.cpp">
      <Filter>Source Files\Utils\Logging</Filter>
    </ClCompile>
    <ClCompile Include="src\Input\KeyboardState.cpp">
      <Filter>Source Files\Input</Filter>
    </ClCompile>
    <ClCompile Include="src\Input\MouseState.cpp">
      <Filter>Source Files\Input</Filter>
    </ClCompile>
    <ClCompile Include="src\Input\InputSystem.cpp">
      <Filter>Source Files\Input</Filter>
    </ClCompile>
    <ClCompile Include="src\Events\Events.cpp">
      <Filter>Source Files\Events</Filter>
    </ClCompile>
    <ClCompile Include="src\Events\EventSystem.cpp">
      <Filter>Source Files\Events</Filter>
    </ClCompile>
    <ClCompile Include="src\Math\Math.cpp">
      <Filter>Source Files\Math</Filter>
    </ClCompile>
    <ClCompile Include="src\Graphics\Geometry.cpp">
      <Filter>Source Files\Graphics</Filter>
    </ClCompile>
    <ClCompile Include="src\Utils\RectangleBinPacker.cpp">
      <Filter>Source Files\Utils</Filter>
    </ClCompile>
    <ClCompile Include="src\Resources\Font\Font.cpp">
      <Filter>Source Files\Resources\Font</Filter>
    </ClCompile>
    <ClCompile Include="src\Resources\Font\FontManager.cpp">
      <Filter>Source Files\Resources\Font</Filter>
    </ClCompile>
    <ClCompile Include="src\Utils\Logger\ConsoleLogSerializer.cpp">
      <Filter>Source Files\Utils\Logging</Filter>
    </ClCompile>
    <ClCompile Include="src\Graphics\Camera.cpp">
      <Filter>Source Files\Graphics</Filter>
    </ClCompile>
  </ItemGroup>
  <ItemGroup>
    <None Include="src\Math\Vector3_t.inl">
      <Filter>Source Files\Math\Vector</Filter>
    </None>
    <None Include="src\Math\Vector2_t.inl">
      <Filter>Source Files\Math\Vector</Filter>
    </None>
    <None Include="src\Math\Vector4_t.inl">
      <Filter>Source Files\Math\Vector</Filter>
    </None>
    <None Include="src\Math\Matrix3x3_t.inl">
      <Filter>Source Files\Math\Matrix</Filter>
    </None>
    <None Include="src\Math\Matrix4x4_t.inl">
      <Filter>Source Files\Math\Matrix</Filter>
    </None>
  </ItemGroup>
</Project>