<?xml version="1.0" encoding="utf-8"?>
<Project ToolsVersion="4.0" xmlns="http://schemas.microsoft.com/developer/msbuild/2003">
  <ItemGroup>
    <Filter Include="Lighting">
      <UniqueIdentifier>{a118703e-3014-41fb-a2a2-6f8d84798851}</UniqueIdentifier>
    </Filter>
    <Filter Include="Utils">
      <UniqueIdentifier>{d4fe3187-0e9a-4d9e-b4bb-b97fb66d7b09}</UniqueIdentifier>
    </Filter>
    <Filter Include="Deferred">
      <UniqueIdentifier>{102516e0-9927-4ebe-bc4b-a9fe9824b95f}</UniqueIdentifier>
    </Filter>
  </ItemGroup>
  <ItemGroup>
    <FxCompile Include="Utils\ConstantBuffers.hlsl">
      <Filter>Utils</Filter>
    </FxCompile>
    <FxCompile Include="Utils\Defines.hlsl">
      <Filter>Utils</Filter>
    </FxCompile>
    <FxCompile Include="Utils\FullscreenQuad.hlsl">
      <Filter>Utils</Filter>
    </FxCompile>
    <FxCompile Include="Utils\FullscreenTriangle.hlsl">
      <Filter>Utils</Filter>
    </FxCompile>
    <FxCompile Include="Utils\Math.hlsl">
      <Filter>Utils</Filter>
    </FxCompile>
    <FxCompile Include="Lighting\Lights.hlsl">
      <Filter>Lighting</Filter>
    </FxCompile>
    <FxCompile Include="Common.hlsl" />
    <FxCompile Include="GenericShader.hlsl" />
    <FxCompile Include="GenericShader_PS.hlsl" />
    <FxCompile Include="GenericShader_VS.hlsl" />
    <FxCompile Include="Deferred\DeferredShading.hlsl">
      <Filter>Deferred</Filter>
    </FxCompile>
    <FxCompile Include="Deferred\DeferredRendering.hlsl">
      <Filter>Deferred</Filter>
    </FxCompile>
    <FxCompile Include="Deferred\ComputeTiledDeferred.hlsl">
      <Filter>Deferred</Filter>
    </FxCompile>
    <FxCompile Include="Lighting\Shading.hlsl">
      <Filter>Lighting</Filter>
    </FxCompile>
    <FxCompile Include="Utils\DebugFullscreenTriangle.hlsl">
      <Filter>Utils</Filter>
    </FxCompile>
    <FxCompile Include="Skybox.hlsl" />
    <FxCompile Include="Line.hlsl" />
    <FxCompile Include="Utils\PrefilterEnvMap.hlsl">
      <Filter>Utils</Filter>
    </FxCompile>
  </ItemGroup>
</Project>